
Microsoft Visual Studio Solution File, Format Version 12.00
# Visual Studio Version 16
VisualStudioVersion = 16.0.32630.194
MinimumVisualStudioVersion = 10.0.40219.1
Project("{FAE04EC0-301F-11D3-BF4B-00C04F79EFBC}") = "Session1", "Session1\Session1.csproj", "{03D06D25-6377-4F5B-BEC6-CAF7357B3948}"
EndProject
Global
	GlobalSection(SolutionConfigurationPlatforms) = preSolution
		Debug|Any CPU = Debug|Any CPU
		Release|Any CPU = Release|Any CPU
	EndGlobalSection
	GlobalSection(ProjectConfigurationPlatforms) = postSolution
		{03D06D25-6377-4F5B-BEC6-CAF7357B3948}.Debug|Any CPU.ActiveCfg = Debug|Any CPU
		{03D06D25-6377-4F5B-BEC6-CAF7357B3948}.Debug|Any CPU.Build.0 = Debug|Any CPU
		{03D06D25-6377-4F5B-BEC6-CAF7357B3948}.Release|Any CPU.ActiveCfg = Release|Any CPU
		{03D06D25-6377-4F5B-BEC6-CAF7357B3948}.Release|Any CPU.Build.0 = Release|Any CPU
	EndGlobalSection
	GlobalSection(SolutionProperties) = preSolution
		HideSolutionNode = FALSE
	EndGlobalSection
	GlobalSection(ExtensibilityGlobals) = postSolution
		SolutionGuid = {D9128933-5ACA-444D-8010-AA4F80E28FBD}
	EndGlobalSection
EndGlobal
