
Microsoft Visual Studio Solution File, Format Version 12.00
# Visual Studio Version 17
VisualStudioVersion = 17.4.33205.214
MinimumVisualStudioVersion = 10.0.40219.1
Project("{FAE04EC0-301F-11D3-BF4B-00C04F79EFBC}") = "MediatorDesignPattern", "MediatorDesignPattern\MediatorDesignPattern.csproj", "{7CEC3816-DE43-4DCE-BA00-A19668869A9F}"
EndProject
Global
	GlobalSection(SolutionConfigurationPlatforms) = preSolution
		Debug|Any CPU = Debug|Any CPU
		Release|Any CPU = Release|Any CPU
	EndGlobalSection
	GlobalSection(ProjectConfigurationPlatforms) = postSolution
		{7CEC3816-DE43-4DCE-BA00-A19668869A9F}.Debug|Any CPU.ActiveCfg = Debug|Any CPU
		{7CEC3816-DE43-4DCE-BA00-A19668869A9F}.Debug|Any CPU.Build.0 = Debug|Any CPU
		{7CEC3816-DE43-4DCE-BA00-A19668869A9F}.Release|Any CPU.ActiveCfg = Release|Any CPU
		{7CEC3816-DE43-4DCE-BA00-A19668869A9F}.Release|Any CPU.Build.0 = Release|Any CPU
	EndGlobalSection
	GlobalSection(SolutionProperties) = preSolution
		HideSolutionNode = FALSE
	EndGlobalSection
	GlobalSection(ExtensibilityGlobals) = postSolution
		SolutionGuid = {A2B00633-2C58-40C5-A678-8CE821407530}
	EndGlobalSection
EndGlobal
