
Microsoft Visual Studio Solution File, Format Version 12.00
# Visual Studio Version 17
VisualStudioVersion = 17.4.33205.214
MinimumVisualStudioVersion = 10.0.40219.1
Project("{FAE04EC0-301F-11D3-BF4B-00C04F79EFBC}") = "sampleDemoStryker", "sampleDemoStryker\sampleDemoStryker.csproj", "{20207044-5839-428B-AC6B-1A5DEA2707EB}"
EndProject
Global
	GlobalSection(SolutionConfigurationPlatforms) = preSolution
		Debug|Any CPU = Debug|Any CPU
		Release|Any CPU = Release|Any CPU
	EndGlobalSection
	GlobalSection(ProjectConfigurationPlatforms) = postSolution
		{20207044-5839-428B-AC6B-1A5DEA2707EB}.Debug|Any CPU.ActiveCfg = Debug|Any CPU
		{20207044-5839-428B-AC6B-1A5DEA2707EB}.Debug|Any CPU.Build.0 = Debug|Any CPU
		{20207044-5839-428B-AC6B-1A5DEA2707EB}.Release|Any CPU.ActiveCfg = Release|Any CPU
		{20207044-5839-428B-AC6B-1A5DEA2707EB}.Release|Any CPU.Build.0 = Release|Any CPU
	EndGlobalSection
	GlobalSection(SolutionProperties) = preSolution
		HideSolutionNode = FALSE
	EndGlobalSection
	GlobalSection(ExtensibilityGlobals) = postSolution
		SolutionGuid = {90F2429C-D236-4FA1-B10C-D85EC0162CD5}
	EndGlobalSection
EndGlobal
