
Microsoft Visual Studio Solution File, Format Version 12.00
# Visual Studio Version 16
VisualStudioVersion = 16.0.32630.194
MinimumVisualStudioVersion = 10.0.40219.1
Project("{FAE04EC0-301F-11D3-BF4B-00C04F79EFBC}") = "WebApiProject", "WebApiProject\WebApiProject.csproj", "{351E888F-D5C5-4441-BA62-3F51FE6631DA}"
EndProject
Global
	GlobalSection(SolutionConfigurationPlatforms) = preSolution
		Debug|Any CPU = Debug|Any CPU
		Release|Any CPU = Release|Any CPU
	EndGlobalSection
	GlobalSection(ProjectConfigurationPlatforms) = postSolution
		{351E888F-D5C5-4441-BA62-3F51FE6631DA}.Debug|Any CPU.ActiveCfg = Debug|Any CPU
		{351E888F-D5C5-4441-BA62-3F51FE6631DA}.Debug|Any CPU.Build.0 = Debug|Any CPU
		{351E888F-D5C5-4441-BA62-3F51FE6631DA}.Release|Any CPU.ActiveCfg = Release|Any CPU
		{351E888F-D5C5-4441-BA62-3F51FE6631DA}.Release|Any CPU.Build.0 = Release|Any CPU
	EndGlobalSection
	GlobalSection(SolutionProperties) = preSolution
		HideSolutionNode = FALSE
	EndGlobalSection
	GlobalSection(ExtensibilityGlobals) = postSolution
		SolutionGuid = {CF08618F-13A8-48F3-B13A-CAB59D254D91}
	EndGlobalSection
EndGlobal
